
Microsoft Visual Studio Solution File, Format Version 12.00
# Visual Studio Version 17
VisualStudioVersion = 17.4.33205.214
MinimumVisualStudioVersion = 10.0.40219.1
Project("{9A19103F-16F7-4668-BE54-9A1E7A4F7556}") = "ClinicaApi", "ClinicaApi\ClinicaApi.csproj", "{6A4DD1FC-B687-45CE-A1E7-942340BAF4C6}"
EndProject
Project("{9A19103F-16F7-4668-BE54-9A1E7A4F7556}") = "ClinicaRepository", "ClinicaRepository\ClinicaRepository.csproj", "{D6D35821-F395-4E17-96E5-6932D8722A22}"
EndProject
Project("{9A19103F-16F7-4668-BE54-9A1E7A4F7556}") = "ClinicaService", "ClinicaService\ClinicaService.csproj", "{628AAE87-2AA3-4382-815B-34FEE1C2F2FD}"
EndProject
Project("{00D1A9C2-B5F0-4AF3-8072-F6C62B433612}") = "ClinicaDatabase", "ClinicaDatabase\ClinicaDatabase.sqlproj", "{CC91FB91-321A-47DA-85C4-F491E5867B85}"
EndProject
Project("{9A19103F-16F7-4668-BE54-9A1E7A4F7556}") = "ClinicaSite", "ClinicaSite\ClinicaSite.csproj", "{CBE94141-8F7C-4ECA-9D04-0F5C64A3091D}"
EndProject
Global
	GlobalSection(SolutionConfigurationPlatforms) = preSolution
		Debug|Any CPU = Debug|Any CPU
		Release|Any CPU = Release|Any CPU
	EndGlobalSection
	GlobalSection(ProjectConfigurationPlatforms) = postSolution
		{6A4DD1FC-B687-45CE-A1E7-942340BAF4C6}.Debug|Any CPU.ActiveCfg = Debug|Any CPU
		{6A4DD1FC-B687-45CE-A1E7-942340BAF4C6}.Debug|Any CPU.Build.0 = Debug|Any CPU
		{6A4DD1FC-B687-45CE-A1E7-942340BAF4C6}.Release|Any CPU.ActiveCfg = Release|Any CPU
		{6A4DD1FC-B687-45CE-A1E7-942340BAF4C6}.Release|Any CPU.Build.0 = Release|Any CPU
		{D6D35821-F395-4E17-96E5-6932D8722A22}.Debug|Any CPU.ActiveCfg = Debug|Any CPU
		{D6D35821-F395-4E17-96E5-6932D8722A22}.Debug|Any CPU.Build.0 = Debug|Any CPU
		{D6D35821-F395-4E17-96E5-6932D8722A22}.Release|Any CPU.ActiveCfg = Release|Any CPU
		{D6D35821-F395-4E17-96E5-6932D8722A22}.Release|Any CPU.Build.0 = Release|Any CPU
		{628AAE87-2AA3-4382-815B-34FEE1C2F2FD}.Debug|Any CPU.ActiveCfg = Debug|Any CPU
		{628AAE87-2AA3-4382-815B-34FEE1C2F2FD}.Debug|Any CPU.Build.0 = Debug|Any CPU
		{628AAE87-2AA3-4382-815B-34FEE1C2F2FD}.Release|Any CPU.ActiveCfg = Release|Any CPU
		{628AAE87-2AA3-4382-815B-34FEE1C2F2FD}.Release|Any CPU.Build.0 = Release|Any CPU
		{CC91FB91-321A-47DA-85C4-F491E5867B85}.Debug|Any CPU.ActiveCfg = Debug|Any CPU
		{CC91FB91-321A-47DA-85C4-F491E5867B85}.Debug|Any CPU.Build.0 = Debug|Any CPU
		{CC91FB91-321A-47DA-85C4-F491E5867B85}.Debug|Any CPU.Deploy.0 = Debug|Any CPU
		{CC91FB91-321A-47DA-85C4-F491E5867B85}.Release|Any CPU.ActiveCfg = Release|Any CPU
		{CC91FB91-321A-47DA-85C4-F491E5867B85}.Release|Any CPU.Build.0 = Release|Any CPU
		{CC91FB91-321A-47DA-85C4-F491E5867B85}.Release|Any CPU.Deploy.0 = Release|Any CPU
		{CBE94141-8F7C-4ECA-9D04-0F5C64A3091D}.Debug|Any CPU.ActiveCfg = Debug|Any CPU
		{CBE94141-8F7C-4ECA-9D04-0F5C64A3091D}.Debug|Any CPU.Build.0 = Debug|Any CPU
		{CBE94141-8F7C-4ECA-9D04-0F5C64A3091D}.Release|Any CPU.ActiveCfg = Release|Any CPU
		{CBE94141-8F7C-4ECA-9D04-0F5C64A3091D}.Release|Any CPU.Build.0 = Release|Any CPU
	EndGlobalSection
	GlobalSection(SolutionProperties) = preSolution
		HideSolutionNode = FALSE
	EndGlobalSection
	GlobalSection(ExtensibilityGlobals) = postSolution
		SolutionGuid = {26DF552D-1EA4-4BAD-958D-36CA4212073D}
	EndGlobalSection
EndGlobal
